{
  "nodes": {
    "mnw": {
      "locked": {
        "lastModified": 1756659871,
        "narHash": "sha256-v6Rh4aQ6RKjM2N02kK9Usn0Ix7+OY66vNpeklc1MnGE=",
        "owner": "Gerg-L",
        "repo": "mnw",
        "rev": "ed6cc3e48557ba18266e598a5ebb6602499ada16",
        "type": "github"
      },
      "original": {
        "owner": "Gerg-L",
        "repo": "mnw",
        "type": "github"
      }
    },
    "nixpkgs-last": {
      "locked": {
        "lastModified": 1751274312,
        "narHash": "sha256-/bVBlRpECLVzjV19t5KMdMFWSwKLtb5RyXdjz3LJT+g=",
        "owner": "nixos",
        "repo": "nixpkgs",
        "rev": "50ab793786d9de88ee30ec4e4c24fb4236fc2674",
        "type": "github"
      },
      "original": {
        "owner": "nixos",
        "ref": "nixos-24.11",
        "repo": "nixpkgs",
        "type": "github"
      }
    },
    "nixpkgs-master": {
      "locked": {
        "lastModified": 1767088451,
        "narHash": "sha256-88bZ7n/SBdFdOb2QSTsB3TVWb7lUuIuLKrJ1POamq9M=",
        "owner": "nixos",
        "repo": "nixpkgs",
        "rev": "4e4c01ef8b25bdfb874ae50cfd0d45e1caf7ae0b",
        "type": "github"
      },
      "original": {
        "owner": "nixos",
        "ref": "master",
        "repo": "nixpkgs",
        "type": "github"
      }
    },
    "nixpkgs-stable": {
      "locked": {
        "lastModified": 1766687554,
        "narHash": "sha256-DegN7KD/EtFSKXf2jvqL6lvev6GlfAAatYBcRC8goEo=",
        "owner": "nixos",
        "repo": "nixpkgs",
        "rev": "fd0ca39c92fdb4012ed8d60e1683c26fddadd136",
        "type": "github"
      },
      "original": {
        "owner": "nixos",
        "ref": "nixos-25.05",
        "repo": "nixpkgs",
        "type": "github"
      }
    },
    "nixpkgs-unstable": {
      "locked": {
        "lastModified": 1766902085,
        "narHash": "sha256-coBu0ONtFzlwwVBzmjacUQwj3G+lybcZ1oeNSQkgC0M=",
        "owner": "nixos",
        "repo": "nixpkgs",
        "rev": "c0b0e0fddf73fd517c3471e546c0df87a42d53f4",
        "type": "github"
      },
      "original": {
        "owner": "nixos",
        "ref": "nixos-unstable",
        "repo": "nixpkgs",
        "type": "github"
      }
    },
    "root": {
      "inputs": {
        "mnw": "mnw",
        "nixpkgs-last": "nixpkgs-last",
        "nixpkgs-master": "nixpkgs-master",
        "nixpkgs-stable": "nixpkgs-stable",
        "nixpkgs-unstable": "nixpkgs-unstable",
        "systems": "systems"
      }
    },
    "systems": {
      "locked": {
        "lastModified": 1681028828,
        "narHash": "sha256-Vy1rq5AaRuLzOxct8nz4T6wlgyUR7zLU309k9mBC768=",
        "owner": "nix-systems",
        "repo": "default",
        "rev": "da67096a3b9bf56a91d16901293e51ba5b49a27e",
        "type": "github"
      },
      "original": {
        "owner": "nix-systems",
        "repo": "default",
        "type": "github"
      }
    }
  },
  "root": "root",
  "version": 7
}
