{
  "nodes": {
    "codebase-memory-mcp": {
      "inputs": {
        "nixpkgs": [
          "nixpkgs-unstable"
        ]
      },
      "locked": {
        "lastModified": 1781281003,
        "narHash": "sha256-jFIZ3+EgNUK3z/6dg0U4idxmp0UHa8Zk79Z36dhE3hg=",
        "owner": "DeusData",
        "repo": "codebase-memory-mcp",
        "rev": "e599df1d563c1e9b0b2fc8c6b12ee85934ade1c5",
        "type": "github"
      },
      "original": {
        "owner": "DeusData",
        "repo": "codebase-memory-mcp",
        "type": "github"
      }
    },
    "mnw": {
      "locked": {
        "lastModified": 1769269517,
        "narHash": "sha256-SgZOSmsbJN+oPDVZyavctrkjQYDCWtoJ3uhlzQChb6s=",
        "owner": "Gerg-L",
        "repo": "mnw",
        "rev": "ee5e11d0d7f6a6cda68559c1a34b5392c3b1b1eb",
        "type": "github"
      },
      "original": {
        "owner": "Gerg-L",
        "repo": "mnw",
        "type": "github"
      }
    },
    "nixpkgs-last": {
      "locked": {
        "lastModified": 1735563628,
        "narHash": "sha256-OnSAY7XDSx7CtDoqNh8jwVwh4xNL/2HaJxGjryLWzX8=",
        "owner": "nixos",
        "repo": "nixpkgs",
        "rev": "b134951a4c9f3c995fd7be05f3243f8ecd65d798",
        "type": "github"
      },
      "original": {
        "owner": "nixos",
        "ref": "nixos-24.05",
        "repo": "nixpkgs",
        "type": "github"
      }
    },
    "nixpkgs-master": {
      "locked": {
        "lastModified": 1775587333,
        "narHash": "sha256-CEhvDDjAmf+ZibrW2T/WCBLhVSwxAp23NDzP7MMScc0=",
        "owner": "nixos",
        "repo": "nixpkgs",
        "rev": "b0c04488ce5f08796d169940e1223af822cee902",
        "type": "github"
      },
      "original": {
        "owner": "nixos",
        "ref": "master",
        "repo": "nixpkgs",
        "type": "github"
      }
    },
    "nixpkgs-stable": {
      "locked": {
        "lastModified": 1775525138,
        "narHash": "sha256-BQb70+B378ECLO8iQT3P/b1hCC5/CJVHZdeulY8futc=",
        "owner": "nixos",
        "repo": "nixpkgs",
        "rev": "d96b37bbeb9840f1c0ebfe90585ef5067b69bbb3",
        "type": "github"
      },
      "original": {
        "owner": "nixos",
        "ref": "nixos-25.11",
        "repo": "nixpkgs",
        "type": "github"
      }
    },
    "nixpkgs-unstable": {
      "locked": {
        "lastModified": 1775423009,
        "narHash": "sha256-vPKLpjhIVWdDrfiUM8atW6YkIggCEKdSAlJPzzhkQlw=",
        "owner": "nixos",
        "repo": "nixpkgs",
        "rev": "68d8aa3d661f0e6bd5862291b5bb263b2a6595c9",
        "type": "github"
      },
      "original": {
        "owner": "nixos",
        "ref": "nixos-unstable",
        "repo": "nixpkgs",
        "type": "github"
      }
    },
    "root": {
      "inputs": {
        "codebase-memory-mcp": "codebase-memory-mcp",
        "mnw": "mnw",
        "nixpkgs-last": "nixpkgs-last",
        "nixpkgs-master": "nixpkgs-master",
        "nixpkgs-stable": "nixpkgs-stable",
        "nixpkgs-unstable": "nixpkgs-unstable",
        "systems": "systems"
      }
    },
    "systems": {
      "locked": {
        "lastModified": 1681028828,
        "narHash": "sha256-Vy1rq5AaRuLzOxct8nz4T6wlgyUR7zLU309k9mBC768=",
        "owner": "nix-systems",
        "repo": "default",
        "rev": "da67096a3b9bf56a91d16901293e51ba5b49a27e",
        "type": "github"
      },
      "original": {
        "owner": "nix-systems",
        "repo": "default",
        "type": "github"
      }
    }
  },
  "root": "root",
  "version": 7
}
